
Microsoft Visual Studio Solution File, Format Version 12.00
# Visual Studio Version 17
VisualStudioVersion = 17.7.34024.191
MinimumVisualStudioVersion = 10.0.40219.1
Project("{9A19103F-16F7-4668-BE54-9A1E7A4F7556}") = "FileApi", "FileAPI\FileApi.csproj", "{B3229E44-ADF4-4BDC-802C-4A6857E95870}"
EndProject
Project("{E53339B2-1760-4266-BCC7-CA923CBCF16C}") = "docker-compose", "docker-compose.dcproj", "{83CEC514-BDE0-466B-8371-876948D2EFFE}"
EndProject
Project("{9A19103F-16F7-4668-BE54-9A1E7A4F7556}") = "FileWeb", "FileWeb\FileWeb.csproj", "{F454BDF6-9798-4BA6-B250-7579DDA92085}"
EndProject
Project("{2150E333-8FDC-42A3-9474-1A3956D46DE8}") = "Solution Items", "Solution Items", "{7EC6FF60-E329-41EA-B4F4-A631E632AF90}"
	ProjectSection(SolutionItems) = preProject
		.editorconfig = .editorconfig
	EndProjectSection
EndProject
Global
	GlobalSection(SolutionConfigurationPlatforms) = preSolution
		Debug|Any CPU = Debug|Any CPU
		Release|Any CPU = Release|Any CPU
	EndGlobalSection
	GlobalSection(ProjectConfigurationPlatforms) = postSolution
		{B3229E44-ADF4-4BDC-802C-4A6857E95870}.Debug|Any CPU.ActiveCfg = Debug|Any CPU
		{B3229E44-ADF4-4BDC-802C-4A6857E95870}.Debug|Any CPU.Build.0 = Debug|Any CPU
		{B3229E44-ADF4-4BDC-802C-4A6857E95870}.Release|Any CPU.ActiveCfg = Release|Any CPU
		{B3229E44-ADF4-4BDC-802C-4A6857E95870}.Release|Any CPU.Build.0 = Release|Any CPU
		{83CEC514-BDE0-466B-8371-876948D2EFFE}.Debug|Any CPU.ActiveCfg = Debug|Any CPU
		{83CEC514-BDE0-466B-8371-876948D2EFFE}.Debug|Any CPU.Build.0 = Debug|Any CPU
		{83CEC514-BDE0-466B-8371-876948D2EFFE}.Release|Any CPU.ActiveCfg = Release|Any CPU
		{83CEC514-BDE0-466B-8371-876948D2EFFE}.Release|Any CPU.Build.0 = Release|Any CPU
		{F454BDF6-9798-4BA6-B250-7579DDA92085}.Debug|Any CPU.ActiveCfg = Debug|Any CPU
		{F454BDF6-9798-4BA6-B250-7579DDA92085}.Debug|Any CPU.Build.0 = Debug|Any CPU
		{F454BDF6-9798-4BA6-B250-7579DDA92085}.Release|Any CPU.ActiveCfg = Release|Any CPU
		{F454BDF6-9798-4BA6-B250-7579DDA92085}.Release|Any CPU.Build.0 = Release|Any CPU
	EndGlobalSection
	GlobalSection(SolutionProperties) = preSolution
		HideSolutionNode = FALSE
	EndGlobalSection
	GlobalSection(ExtensibilityGlobals) = postSolution
		SolutionGuid = {3FDACFE5-C243-4B40-B7AE-74B58072B156}
	EndGlobalSection
EndGlobal
